
Microsoft Visual Studio Solution File, Format Version 12.00
# Visual Studio 15
VisualStudioVersion = 15.0.28307.902
MinimumVisualStudioVersion = 10.0.40219.1
Project("{F184B08F-C81C-45F6-A57F-5ABD9991F28F}") = "Pein", "Pein\Pein.vbproj", "{F822BECE-A779-4C80-ADA3-D1BEA15AF657}"
EndProject
Global
	GlobalSection(SolutionConfigurationPlatforms) = preSolution
		Debug|Any CPU = Debug|Any CPU
		Release|Any CPU = Release|Any CPU
	EndGlobalSection
	GlobalSection(ProjectConfigurationPlatforms) = postSolution
		{F822BECE-A779-4C80-ADA3-D1BEA15AF657}.Debug|Any CPU.ActiveCfg = Debug|Any CPU
		{F822BECE-A779-4C80-ADA3-D1BEA15AF657}.Debug|Any CPU.Build.0 = Debug|Any CPU
		{F822BECE-A779-4C80-ADA3-D1BEA15AF657}.Release|Any CPU.ActiveCfg = Release|Any CPU
		{F822BECE-A779-4C80-ADA3-D1BEA15AF657}.Release|Any CPU.Build.0 = Release|Any CPU
	EndGlobalSection
	GlobalSection(SolutionProperties) = preSolution
		HideSolutionNode = FALSE
	EndGlobalSection
	GlobalSection(ExtensibilityGlobals) = postSolution
		SolutionGuid = {BA00CE71-5A8F-4921-8D81-6017FFAE7F63}
	EndGlobalSection
EndGlobal
